// !$*UTF8*$!
{
	archiveVersion = 1;
	classes = {
	};
	objectVersion = 56;
	objects = {

/* Begin PBXBuildFile section */
		DA7EE4A02C28BE59008BB1D5 /* ScrumdingerApp.swift in Sources */ = {isa = PBXBuildFile; fileRef = DA7EE49F2C28BE59008BB1D5 /* ScrumdingerApp.swift */; };
		DA7EE4A22C28BE59008BB1D5 /* MeetingView.swift in Sources */ = {isa = PBXBuildFile; fileRef = DA7EE4A12C28BE59008BB1D5 /* MeetingView.swift */; };
		DA7EE4B12C28BE5B008BB1D5 /* ScrumdingerTests.swift in Sources */ = {isa = PBXBuildFile; fileRef = DA7EE4B02C28BE5B008BB1D5 /* ScrumdingerTests.swift */; };
		DA7EE4BB2C28BE5B008BB1D5 /* ScrumdingerUITests.swift in Sources */ = {isa = PBXBuildFile; fileRef = DA7EE4BA2C28BE5B008BB1D5 /* ScrumdingerUITests.swift */; };
		DA7EE4BD2C28BE5B008BB1D5 /* ScrumdingerUITestsLaunchTests.swift in Sources */ = {isa = PBXBuildFile; fileRef = DA7EE4BC2C28BE5B008BB1D5 /* ScrumdingerUITestsLaunchTests.swift */; };
		DABF236C2C2AAB1600FBBA24 /* DetailView.swift in Sources */ = {isa = PBXBuildFile; fileRef = DABF236B2C2AAB1600FBBA24 /* DetailView.swift */; };
		DAC433912C2986D900182392 /* Theme.swift in Sources */ = {isa = PBXBuildFile; fileRef = DAC433902C2986D900182392 /* Theme.swift */; };
		DAC433932C29878000182392 /* DailyScrum.swift in Sources */ = {isa = PBXBuildFile; fileRef = DAC433922C29878000182392 /* DailyScrum.swift */; };
		DAC433952C29880D00182392 /* CardView.swift in Sources */ = {isa = PBXBuildFile; fileRef = DAC433942C29880D00182392 /* CardView.swift */; };
		DAE769612C2A064700B09EEC /* Assets.xcassets in Resources */ = {isa = PBXBuildFile; fileRef = DAE769602C2A064700B09EEC /* Assets.xcassets */; };
		DAE769642C2A065A00B09EEC /* Preview Assets.xcassets in Resources */ = {isa = PBXBuildFile; fileRef = DAE769622C2A065A00B09EEC /* Preview Assets.xcassets */; };
		DAE769662C2A07A200B09EEC /* TrailingIconLabelStyle.swift in Sources */ = {isa = PBXBuildFile; fileRef = DAE769652C2A07A200B09EEC /* TrailingIconLabelStyle.swift */; };
		DAE769682C2A092700B09EEC /* ScrumsView.swift in Sources */ = {isa = PBXBuildFile; fileRef = DAE769672C2A092700B09EEC /* ScrumsView.swift */; };
/* End PBXBuildFile section */

/* Begin PBXContainerItemProxy section */
		DA7EE4AD2C28BE5B008BB1D5 /* PBXContainerItemProxy */ = {
			isa = PBXContainerItemProxy;
			containerPortal = DA7EE4942C28BE59008BB1D5 /* Project object */;
			proxyType = 1;
			remoteGlobalIDString = DA7EE49B2C28BE59008BB1D5;
			remoteInfo = Scrumdinger;
		};
		DA7EE4B72C28BE5B008BB1D5 /* PBXContainerItemProxy */ = {
			isa = PBXContainerItemProxy;
			containerPortal = DA7EE4942C28BE59008BB1D5 /* Project object */;
			proxyType = 1;
			remoteGlobalIDString = DA7EE49B2C28BE59008BB1D5;
			remoteInfo = Scrumdinger;
		};
/* End PBXContainerItemProxy section */

/* Begin PBXFileReference section */
		DA7EE49C2C28BE59008BB1D5 /* Scrumdinger.app */ = {isa = PBXFileReference; explicitFileType = wrapper.application; includeInIndex = 0; path = Scrumdinger.app; sourceTree = BUILT_PRODUCTS_DIR; };
		DA7EE49F2C28BE59008BB1D5 /* ScrumdingerApp.swift */ = {isa = PBXFileReference; lastKnownFileType = sourcecode.swift; path = ScrumdingerApp.swift; sourceTree = "<group>"; };
		DA7EE4A12C28BE59008BB1D5 /* MeetingView.swift */ = {isa = PBXFileReference; lastKnownFileType = sourcecode.swift; path = MeetingView.swift; sourceTree = "<group>"; };
		DA7EE4AC2C28BE5B008BB1D5 /* ScrumdingerTests.xctest */ = {isa = PBXFileReference; explicitFileType = wrapper.cfbundle; includeInIndex = 0; path = ScrumdingerTests.xctest; sourceTree = BUILT_PRODUCTS_DIR; };
		DA7EE4B02C28BE5B008BB1D5 /* ScrumdingerTests.swift */ = {isa = PBXFileReference; lastKnownFileType = sourcecode.swift; path = ScrumdingerTests.swift; sourceTree = "<group>"; };
		DA7EE4B62C28BE5B008BB1D5 /* ScrumdingerUITests.xctest */ = {isa = PBXFileReference; explicitFileType = wrapper.cfbundle; includeInIndex = 0; path = ScrumdingerUITests.xctest; sourceTree = BUILT_PRODUCTS_DIR; };
		DA7EE4BA2C28BE5B008BB1D5 /* ScrumdingerUITests.swift */ = {isa = PBXFileReference; lastKnownFileType = sourcecode.swift; path = ScrumdingerUITests.swift; sourceTree = "<group>"; };
		DA7EE4BC2C28BE5B008BB1D5 /* ScrumdingerUITestsLaunchTests.swift */ = {isa = PBXFileReference; lastKnownFileType = sourcecode.swift; path = ScrumdingerUITestsLaunchTests.swift; sourceTree = "<group>"; };
		DABF236B2C2AAB1600FBBA24 /* DetailView.swift */ = {isa = PBXFileReference; lastKnownFileType = sourcecode.swift; path = DetailView.swift; sourceTree = "<group>"; };
		DAC433902C2986D900182392 /* Theme.swift */ = {isa = PBXFileReference; lastKnownFileType = sourcecode.swift; path = Theme.swift; sourceTree = "<group>"; };
		DAC433922C29878000182392 /* DailyScrum.swift */ = {isa = PBXFileReference; lastKnownFileType = sourcecode.swift; path = DailyScrum.swift; sourceTree = "<group>"; };
		DAC433942C29880D00182392 /* CardView.swift */ = {isa = PBXFileReference; lastKnownFileType = sourcecode.swift; path = CardView.swift; sourceTree = "<group>"; };
		DAE769602C2A064700B09EEC /* Assets.xcassets */ = {isa = PBXFileReference; lastKnownFileType = folder.assetcatalog; name = Assets.xcassets; path = ../../../../../Downloads/CreatingACardView/StartingProject/Scrumdinger/Assets.xcassets; sourceTree = "<group>"; };
		DAE769622C2A065A00B09EEC /* Preview Assets.xcassets */ = {isa = PBXFileReference; lastKnownFileType = folder.assetcatalog; path = "Preview Assets.xcassets"; sourceTree = "<group>"; };
		DAE769652C2A07A200B09EEC /* TrailingIconLabelStyle.swift */ = {isa = PBXFileReference; lastKnownFileType = sourcecode.swift; path = TrailingIconLabelStyle.swift; sourceTree = "<group>"; };
		DAE769672C2A092700B09EEC /* ScrumsView.swift */ = {isa = PBXFileReference; lastKnownFileType = sourcecode.swift; path = ScrumsView.swift; sourceTree = "<group>"; };
/* End PBXFileReference section */

/* Begin PBXFrameworksBuildPhase section */
		DA7EE4992C28BE59008BB1D5 /* Frameworks */ = {
			isa = PBXFrameworksBuildPhase;
			buildActionMask = 2147483647;
			files = (
			);
			runOnlyForDeploymentPostprocessing = 0;
		};
		DA7EE4A92C28BE5B008BB1D5 /* Frameworks */ = {
			isa = PBXFrameworksBuildPhase;
			buildActionMask = 2147483647;
			files = (
			);
			runOnlyForDeploymentPostprocessing = 0;
		};
		DA7EE4B32C28BE5B008BB1D5 /* Frameworks */ = {
			isa = PBXFrameworksBuildPhase;
			buildActionMask = 2147483647;
			files = (
			);
			runOnlyForDeploymentPostprocessing = 0;
		};
/* End PBXFrameworksBuildPhase section */

/* Begin PBXGroup section */
		DA7EE4932C28BE59008BB1D5 = {
			isa = PBXGroup;
			children = (
				DA7EE49E2C28BE59008BB1D5 /* Scrumdinger */,
				DA7EE4AF2C28BE5B008BB1D5 /* ScrumdingerTests */,
				DA7EE4B92C28BE5B008BB1D5 /* ScrumdingerUITests */,
				DA7EE49D2C28BE59008BB1D5 /* Products */,
			);
			sourceTree = "<group>";
		};
		DA7EE49D2C28BE59008BB1D5 /* Products */ = {
			isa = PBXGroup;
			children = (
				DA7EE49C2C28BE59008BB1D5 /* Scrumdinger.app */,
				DA7EE4AC2C28BE5B008BB1D5 /* ScrumdingerTests.xctest */,
				DA7EE4B62C28BE5B008BB1D5 /* ScrumdingerUITests.xctest */,
			);
			name = Products;
			sourceTree = "<group>";
		};
		DA7EE49E2C28BE59008BB1D5 /* Scrumdinger */ = {
			isa = PBXGroup;
			children = (
				DAC4338F2C2986C500182392 /* Models */,
				DA7EE49F2C28BE59008BB1D5 /* ScrumdingerApp.swift */,
				DA7EE4A12C28BE59008BB1D5 /* MeetingView.swift */,
				DAE769602C2A064700B09EEC /* Assets.xcassets */,
				DAC433942C29880D00182392 /* CardView.swift */,
				DAE769632C2A065A00B09EEC /* Preview Content */,
				DAE769652C2A07A200B09EEC /* TrailingIconLabelStyle.swift */,
				DAE769672C2A092700B09EEC /* ScrumsView.swift */,
				DABF236B2C2AAB1600FBBA24 /* DetailView.swift */,
			);
			path = Scrumdinger;
			sourceTree = "<group>";
		};
		DA7EE4AF2C28BE5B008BB1D5 /* ScrumdingerTests */ = {
			isa = PBXGroup;
			children = (
				DA7EE4B02C28BE5B008BB1D5 /* ScrumdingerTests.swift */,
			);
			path = ScrumdingerTests;
			sourceTree = "<group>";
		};
		DA7EE4B92C28BE5B008BB1D5 /* ScrumdingerUITests */ = {
			isa = PBXGroup;
			children = (
				DA7EE4BA2C28BE5B008BB1D5 /* ScrumdingerUITests.swift */,
				DA7EE4BC2C28BE5B008BB1D5 /* ScrumdingerUITestsLaunchTests.swift */,
			);
			path = ScrumdingerUITests;
			sourceTree = "<group>";
		};
		DAC4338F2C2986C500182392 /* Models */ = {
			isa = PBXGroup;
			children = (
				DAC433902C2986D900182392 /* Theme.swift */,
				DAC433922C29878000182392 /* DailyScrum.swift */,
			);
			path = Models;
			sourceTree = "<group>";
		};
		DAE769632C2A065A00B09EEC /* Preview Content */ = {
			isa = PBXGroup;
			children = (
				DAE769622C2A065A00B09EEC /* Preview Assets.xcassets */,
			);
			name = "Preview Content";
			path = "Preview Content/Preview Content";
			sourceTree = "<group>";
		};
/* End PBXGroup section */

/* Begin PBXNativeTarget section */
		DA7EE49B2C28BE59008BB1D5 /* Scrumdinger */ = {
			isa = PBXNativeTarget;
			buildConfigurationList = DA7EE4C02C28BE5B008BB1D5 /* Build configuration list for PBXNativeTarget "Scrumdinger" */;
			buildPhases = (
				DA7EE4982C28BE59008BB1D5 /* Sources */,
				DA7EE4992C28BE59008BB1D5 /* Frameworks */,
				DA7EE49A2C28BE59008BB1D5 /* Resources */,
			);
			buildRules = (
			);
			dependencies = (
			);
			name = Scrumdinger;
			productName = Scrumdinger;
			productReference = DA7EE49C2C28BE59008BB1D5 /* Scrumdinger.app */;
			productType = "com.apple.product-type.application";
		};
		DA7EE4AB2C28BE5B008BB1D5 /* ScrumdingerTests */ = {
			isa = PBXNativeTarget;
			buildConfigurationList = DA7EE4C32C28BE5B008BB1D5 /* Build configuration list for PBXNativeTarget "ScrumdingerTests" */;
			buildPhases = (
				DA7EE4A82C28BE5B008BB1D5 /* Sources */,
				DA7EE4A92C28BE5B008BB1D5 /* Frameworks */,
				DA7EE4AA2C28BE5B008BB1D5 /* Resources */,
			);
			buildRules = (
			);
			dependencies = (
				DA7EE4AE2C28BE5B008BB1D5 /* PBXTargetDependency */,
			);
			name = ScrumdingerTests;
			productName = ScrumdingerTests;
			productReference = DA7EE4AC2C28BE5B008BB1D5 /* ScrumdingerTests.xctest */;
			productType = "com.apple.product-type.bundle.unit-test";
		};
		DA7EE4B52C28BE5B008BB1D5 /* ScrumdingerUITests */ = {
			isa = PBXNativeTarget;
			buildConfigurationList = DA7EE4C62C28BE5B008BB1D5 /* Build configuration list for PBXNativeTarget "ScrumdingerUITests" */;
			buildPhases = (
				DA7EE4B22C28BE5B008BB1D5 /* Sources */,
				DA7EE4B32C28BE5B008BB1D5 /* Frameworks */,
				DA7EE4B42C28BE5B008BB1D5 /* Resources */,
			);
			buildRules = (
			);
			dependencies = (
				DA7EE4B82C28BE5B008BB1D5 /* PBXTargetDependency */,
			);
			name = ScrumdingerUITests;
			productName = ScrumdingerUITests;
			productReference = DA7EE4B62C28BE5B008BB1D5 /* ScrumdingerUITests.xctest */;
			productType = "com.apple.product-type.bundle.ui-testing";
		};
/* End PBXNativeTarget section */

/* Begin PBXProject section */
		DA7EE4942C28BE59008BB1D5 /* Project object */ = {
			isa = PBXProject;
			attributes = {
				BuildIndependentTargetsInParallel = 1;
				LastSwiftUpdateCheck = 1540;
				LastUpgradeCheck = 1540;
				TargetAttributes = {
					DA7EE49B2C28BE59008BB1D5 = {
						CreatedOnToolsVersion = 15.4;
					};
					DA7EE4AB2C28BE5B008BB1D5 = {
						CreatedOnToolsVersion = 15.4;
						TestTargetID = DA7EE49B2C28BE59008BB1D5;
					};
					DA7EE4B52C28BE5B008BB1D5 = {
						CreatedOnToolsVersion = 15.4;
						TestTargetID = DA7EE49B2C28BE59008BB1D5;
					};
				};
			};
			buildConfigurationList = DA7EE4972C28BE59008BB1D5 /* Build configuration list for PBXProject "Scrumdinger" */;
			compatibilityVersion = "Xcode 14.0";
			developmentRegion = en;
			hasScannedForEncodings = 0;
			knownRegions = (
				en,
				Base,
			);
			mainGroup = DA7EE4932C28BE59008BB1D5;
			productRefGroup = DA7EE49D2C28BE59008BB1D5 /* Products */;
			projectDirPath = "";
			projectRoot = "";
			targets = (
				DA7EE49B2C28BE59008BB1D5 /* Scrumdinger */,
				DA7EE4AB2C28BE5B008BB1D5 /* ScrumdingerTests */,
				DA7EE4B52C28BE5B008BB1D5 /* ScrumdingerUITests */,
			);
		};
/* End PBXProject section */

/* Begin PBXResourcesBuildPhase section */
		DA7EE49A2C28BE59008BB1D5 /* Resources */ = {
			isa = PBXResourcesBuildPhase;
			buildActionMask = 2147483647;
			files = (
				DAE769642C2A065A00B09EEC /* Preview Assets.xcassets in Resources */,
				DAE769612C2A064700B09EEC /* Assets.xcassets in Resources */,
			);
			runOnlyForDeploymentPostprocessing = 0;
		};
		DA7EE4AA2C28BE5B008BB1D5 /* Resources */ = {
			isa = PBXResourcesBuildPhase;
			buildActionMask = 2147483647;
			files = (
			);
			runOnlyForDeploymentPostprocessing = 0;
		};
		DA7EE4B42C28BE5B008BB1D5 /* Resources */ = {
			isa = PBXResourcesBuildPhase;
			buildActionMask = 2147483647;
			files = (
			);
			runOnlyForDeploymentPostprocessing = 0;
		};
/* End PBXResourcesBuildPhase section */

/* Begin PBXSourcesBuildPhase section */
		DA7EE4982C28BE59008BB1D5 /* Sources */ = {
			isa = PBXSourcesBuildPhase;
			buildActionMask = 2147483647;
			files = (
				DAC433932C29878000182392 /* DailyScrum.swift in Sources */,
				DABF236C2C2AAB1600FBBA24 /* DetailView.swift in Sources */,
				DAE769682C2A092700B09EEC /* ScrumsView.swift in Sources */,
				DAE769662C2A07A200B09EEC /* TrailingIconLabelStyle.swift in Sources */,
				DAC433912C2986D900182392 /* Theme.swift in Sources */,
				DA7EE4A22C28BE59008BB1D5 /* MeetingView.swift in Sources */,
				DA7EE4A02C28BE59008BB1D5 /* ScrumdingerApp.swift in Sources */,
				DAC433952C29880D00182392 /* CardView.swift in Sources */,
			);
			runOnlyForDeploymentPostprocessing = 0;
		};
		DA7EE4A82C28BE5B008BB1D5 /* Sources */ = {
			isa = PBXSourcesBuildPhase;
			buildActionMask = 2147483647;
			files = (
				DA7EE4B12C28BE5B008BB1D5 /* ScrumdingerTests.swift in Sources */,
			);
			runOnlyForDeploymentPostprocessing = 0;
		};
		DA7EE4B22C28BE5B008BB1D5 /* Sources */ = {
			isa = PBXSourcesBuildPhase;
			buildActionMask = 2147483647;
			files = (
				DA7EE4BD2C28BE5B008BB1D5 /* ScrumdingerUITestsLaunchTests.swift in Sources */,
				DA7EE4BB2C28BE5B008BB1D5 /* ScrumdingerUITests.swift in Sources */,
			);
			runOnlyForDeploymentPostprocessing = 0;
		};
/* End PBXSourcesBuildPhase section */

/* Begin PBXTargetDependency section */
		DA7EE4AE2C28BE5B008BB1D5 /* PBXTargetDependency */ = {
			isa = PBXTargetDependency;
			target = DA7EE49B2C28BE59008BB1D5 /* Scrumdinger */;
			targetProxy = DA7EE4AD2C28BE5B008BB1D5 /* PBXContainerItemProxy */;
		};
		DA7EE4B82C28BE5B008BB1D5 /* PBXTargetDependency */ = {
			isa = PBXTargetDependency;
			target = DA7EE49B2C28BE59008BB1D5 /* Scrumdinger */;
			targetProxy = DA7EE4B72C28BE5B008BB1D5 /* PBXContainerItemProxy */;
		};
/* End PBXTargetDependency section */

/* Begin XCBuildConfiguration section */
		DA7EE4BE2C28BE5B008BB1D5 /* Debug */ = {
			isa = XCBuildConfiguration;
			buildSettings = {
				ALWAYS_SEARCH_USER_PATHS = NO;
				ASSETCATALOG_COMPILER_GENERATE_SWIFT_ASSET_SYMBOL_EXTENSIONS = YES;
				CLANG_ANALYZER_NONNULL = YES;
				CLANG_ANALYZER_NUMBER_OBJECT_CONVERSION = YES_AGGRESSIVE;
				CLANG_CXX_LANGUAGE_STANDARD = "gnu++20";
				CLANG_ENABLE_MODULES = YES;
				CLANG_ENABLE_OBJC_ARC = YES;
				CLANG_ENABLE_OBJC_WEAK = YES;
				CLANG_WARN_BLOCK_CAPTURE_AUTORELEASING = YES;
				CLANG_WARN_BOOL_CONVERSION = YES;
				CLANG_WARN_COMMA = YES;
				CLANG_WARN_CONSTANT_CONVERSION = YES;
				CLANG_WARN_DEPRECATED_OBJC_IMPLEMENTATIONS = YES;
				CLANG_WARN_DIRECT_OBJC_ISA_USAGE = YES_ERROR;
				CLANG_WARN_DOCUMENTATION_COMMENTS = YES;
				CLANG_WARN_EMPTY_BODY = YES;
				CLANG_WARN_ENUM_CONVERSION = YES;
				CLANG_WARN_INFINITE_RECURSION = YES;
				CLANG_WARN_INT_CONVERSION = YES;
				CLANG_WARN_NON_LITERAL_NULL_CONVERSION = YES;
				CLANG_WARN_OBJC_IMPLICIT_RETAIN_SELF = YES;
				CLANG_WARN_OBJC_LITERAL_CONVERSION = YES;
				CLANG_WARN_OBJC_ROOT_CLASS = YES_ERROR;
				CLANG_WARN_QUOTED_INCLUDE_IN_FRAMEWORK_HEADER = YES;
				CLANG_WARN_RANGE_LOOP_ANALYSIS = YES;
				CLANG_WARN_STRICT_PROTOTYPES = YES;
				CLANG_WARN_SUSPICIOUS_MOVE = YES;
				CLANG_WARN_UNGUARDED_AVAILABILITY = YES_AGGRESSIVE;
				CLANG_WARN_UNREACHABLE_CODE = YES;
				CLANG_WARN__DUPLICATE_METHOD_MATCH = YES;
				COPY_PHASE_STRIP = NO;
				DEBUG_INFORMATION_FORMAT = dwarf;
				ENABLE_STRICT_OBJC_MSGSEND = YES;
				ENABLE_TESTABILITY = YES;
				ENABLE_USER_SCRIPT_SANDBOXING = YES;
				GCC_C_LANGUAGE_STANDARD = gnu17;
				GCC_DYNAMIC_NO_PIC = NO;
				GCC_NO_COMMON_BLOCKS = YES;
				GCC_OPTIMIZATION_LEVEL = 0;
				GCC_PREPROCESSOR_DEFINITIONS = (
					"DEBUG=1",
					"$(inherited)",
				);
				GCC_WARN_64_TO_32_BIT_CONVERSION = YES;
				GCC_WARN_ABOUT_RETURN_TYPE = YES_ERROR;
				GCC_WARN_UNDECLARED_SELECTOR = YES;
				GCC_WARN_UNINITIALIZED_AUTOS = YES_AGGRESSIVE;
				GCC_WARN_UNUSED_FUNCTION = YES;
				GCC_WARN_UNUSED_VARIABLE = YES;
				IPHONEOS_DEPLOYMENT_TARGET = 17.5;
				LOCALIZATION_PREFERS_STRING_CATALOGS = YES;
				MTL_ENABLE_DEBUG_INFO = INCLUDE_SOURCE;
				MTL_FAST_MATH = YES;
				ONLY_ACTIVE_ARCH = YES;
				SDKROOT = iphoneos;
				SWIFT_ACTIVE_COMPILATION_CONDITIONS = "DEBUG $(inherited)";
				SWIFT_OPTIMIZATION_LEVEL = "-Onone";
			};
			name = Debug;
		};
		DA7EE4BF2C28BE5B008BB1D5 /* Release */ = {
			isa = XCBuildConfiguration;
			buildSettings = {
				ALWAYS_SEARCH_USER_PATHS = NO;
				ASSETCATALOG_COMPILER_GENERATE_SWIFT_ASSET_SYMBOL_EXTENSIONS = YES;
				CLANG_ANALYZER_NONNULL = YES;
				CLANG_ANALYZER_NUMBER_OBJECT_CONVERSION = YES_AGGRESSIVE;
				CLANG_CXX_LANGUAGE_STANDARD = "gnu++20";
				CLANG_ENABLE_MODULES = YES;
				CLANG_ENABLE_OBJC_ARC = YES;
				CLANG_ENABLE_OBJC_WEAK = YES;
				CLANG_WARN_BLOCK_CAPTURE_AUTORELEASING = YES;
				CLANG_WARN_BOOL_CONVERSION = YES;
				CLANG_WARN_COMMA = YES;
				CLANG_WARN_CONSTANT_CONVERSION = YES;
				CLANG_WARN_DEPRECATED_OBJC_IMPLEMENTATIONS = YES;
				CLANG_WARN_DIRECT_OBJC_ISA_USAGE = YES_ERROR;
				CLANG_WARN_DOCUMENTATION_COMMENTS = YES;
				CLANG_WARN_EMPTY_BODY = YES;
				CLANG_WARN_ENUM_CONVERSION = YES;
				CLANG_WARN_INFINITE_RECURSION = YES;
				CLANG_WARN_INT_CONVERSION = YES;
				CLANG_WARN_NON_LITERAL_NULL_CONVERSION = YES;
				CLANG_WARN_OBJC_IMPLICIT_RETAIN_SELF = YES;
				CLANG_WARN_OBJC_LITERAL_CONVERSION = YES;
				CLANG_WARN_OBJC_ROOT_CLASS = YES_ERROR;
				CLANG_WARN_QUOTED_INCLUDE_IN_FRAMEWORK_HEADER = YES;
				CLANG_WARN_RANGE_LOOP_ANALYSIS = YES;
				CLANG_WARN_STRICT_PROTOTYPES = YES;
				CLANG_WARN_SUSPICIOUS_MOVE = YES;
				CLANG_WARN_UNGUARDED_AVAILABILITY = YES_AGGRESSIVE;
				CLANG_WARN_UNREACHABLE_CODE = YES;
				CLANG_WARN__DUPLICATE_METHOD_MATCH = YES;
				COPY_PHASE_STRIP = NO;
				DEBUG_INFORMATION_FORMAT = "dwarf-with-dsym";
				ENABLE_NS_ASSERTIONS = NO;
				ENABLE_STRICT_OBJC_MSGSEND = YES;
				ENABLE_USER_SCRIPT_SANDBOXING = YES;
				GCC_C_LANGUAGE_STANDARD = gnu17;
				GCC_NO_COMMON_BLOCKS = YES;
				GCC_WARN_64_TO_32_BIT_CONVERSION = YES;
				GCC_WARN_ABOUT_RETURN_TYPE = YES_ERROR;
				GCC_WARN_UNDECLARED_SELECTOR = YES;
				GCC_WARN_UNINITIALIZED_AUTOS = YES_AGGRESSIVE;
				GCC_WARN_UNUSED_FUNCTION = YES;
				GCC_WARN_UNUSED_VARIABLE = YES;
				IPHONEOS_DEPLOYMENT_TARGET = 17.5;
				LOCALIZATION_PREFERS_STRING_CATALOGS = YES;
				MTL_ENABLE_DEBUG_INFO = NO;
				MTL_FAST_MATH = YES;
				SDKROOT = iphoneos;
				SWIFT_COMPILATION_MODE = wholemodule;
				VALIDATE_PRODUCT = YES;
			};
			name = Release;
		};
		DA7EE4C12C28BE5B008BB1D5 /* Debug */ = {
			isa = XCBuildConfiguration;
			buildSettings = {
				ASSETCATALOG_COMPILER_APPICON_NAME = AppIcon;
				ASSETCATALOG_COMPILER_GLOBAL_ACCENT_COLOR_NAME = AccentColor;
				CODE_SIGN_STYLE = Automatic;
				CURRENT_PROJECT_VERSION = 1;
				DEVELOPMENT_ASSET_PATHS = "\"Scrumdinger/Preview Content\"";
				DEVELOPMENT_TEAM = CHRT93TNVL;
				ENABLE_PREVIEWS = YES;
				GENERATE_INFOPLIST_FILE = YES;
				INFOPLIST_KEY_UIApplicationSceneManifest_Generation = YES;
				INFOPLIST_KEY_UIApplicationSupportsIndirectInputEvents = YES;
				INFOPLIST_KEY_UILaunchScreen_Generation = YES;
				INFOPLIST_KEY_UISupportedInterfaceOrientations_iPad = "UIInterfaceOrientationPortrait UIInterfaceOrientationPortraitUpsideDown UIInterfaceOrientationLandscapeLeft UIInterfaceOrientationLandscapeRight";
				INFOPLIST_KEY_UISupportedInterfaceOrientations_iPhone = "UIInterfaceOrientationPortrait UIInterfaceOrientationLandscapeLeft UIInterfaceOrientationLandscapeRight";
				LD_RUNPATH_SEARCH_PATHS = (
					"$(inherited)",
					"@executable_path/Frameworks",
				);
				MARKETING_VERSION = 1.0;
				PRODUCT_BUNDLE_IDENTIFIER = lfrs.Scrumdinger;
				PRODUCT_NAME = "$(TARGET_NAME)";
				SWIFT_EMIT_LOC_STRINGS = YES;
				SWIFT_VERSION = 5.0;
				TARGETED_DEVICE_FAMILY = "1,2";
			};
			name = Debug;
		};
		DA7EE4C22C28BE5B008BB1D5 /* Release */ = {
			isa = XCBuildConfiguration;
			buildSettings = {
				ASSETCATALOG_COMPILER_APPICON_NAME = AppIcon;
				ASSETCATALOG_COMPILER_GLOBAL_ACCENT_COLOR_NAME = AccentColor;
				CODE_SIGN_STYLE = Automatic;
				CURRENT_PROJECT_VERSION = 1;
				DEVELOPMENT_ASSET_PATHS = "\"Scrumdinger/Preview Content\"";
				DEVELOPMENT_TEAM = CHRT93TNVL;
				ENABLE_PREVIEWS = YES;
				GENERATE_INFOPLIST_FILE = YES;
				INFOPLIST_KEY_UIApplicationSceneManifest_Generation = YES;
				INFOPLIST_KEY_UIApplicationSupportsIndirectInputEvents = YES;
				INFOPLIST_KEY_UILaunchScreen_Generation = YES;
				INFOPLIST_KEY_UISupportedInterfaceOrientations_iPad = "UIInterfaceOrientationPortrait UIInterfaceOrientationPortraitUpsideDown UIInterfaceOrientationLandscapeLeft UIInterfaceOrientationLandscapeRight";
				INFOPLIST_KEY_UISupportedInterfaceOrientations_iPhone = "UIInterfaceOrientationPortrait UIInterfaceOrientationLandscapeLeft UIInterfaceOrientationLandscapeRight";
				LD_RUNPATH_SEARCH_PATHS = (
					"$(inherited)",
					"@executable_path/Frameworks",
				);
				MARKETING_VERSION = 1.0;
				PRODUCT_BUNDLE_IDENTIFIER = lfrs.Scrumdinger;
				PRODUCT_NAME = "$(TARGET_NAME)";
				SWIFT_EMIT_LOC_STRINGS = YES;
				SWIFT_VERSION = 5.0;
				TARGETED_DEVICE_FAMILY = "1,2";
			};
			name = Release;
		};
		DA7EE4C42C28BE5B008BB1D5 /* Debug */ = {
			isa = XCBuildConfiguration;
			buildSettings = {
				ALWAYS_EMBED_SWIFT_STANDARD_LIBRARIES = YES;
				BUNDLE_LOADER = "$(TEST_HOST)";
				CODE_SIGN_STYLE = Automatic;
				CURRENT_PROJECT_VERSION = 1;
				DEVELOPMENT_TEAM = CHRT93TNVL;
				GENERATE_INFOPLIST_FILE = YES;
				IPHONEOS_DEPLOYMENT_TARGET = 17.5;
				MARKETING_VERSION = 1.0;
				PRODUCT_BUNDLE_IDENTIFIER = lfrs.ScrumdingerTests;
				PRODUCT_NAME = "$(TARGET_NAME)";
				SWIFT_EMIT_LOC_STRINGS = NO;
				SWIFT_VERSION = 5.0;
				TARGETED_DEVICE_FAMILY = "1,2";
				TEST_HOST = "$(BUILT_PRODUCTS_DIR)/Scrumdinger.app/$(BUNDLE_EXECUTABLE_FOLDER_PATH)/Scrumdinger";
			};
			name = Debug;
		};
		DA7EE4C52C28BE5B008BB1D5 /* Release */ = {
			isa = XCBuildConfiguration;
			buildSettings = {
				ALWAYS_EMBED_SWIFT_STANDARD_LIBRARIES = YES;
				BUNDLE_LOADER = "$(TEST_HOST)";
				CODE_SIGN_STYLE = Automatic;
				CURRENT_PROJECT_VERSION = 1;
				DEVELOPMENT_TEAM = CHRT93TNVL;
				GENERATE_INFOPLIST_FILE = YES;
				IPHONEOS_DEPLOYMENT_TARGET = 17.5;
				MARKETING_VERSION = 1.0;
				PRODUCT_BUNDLE_IDENTIFIER = lfrs.ScrumdingerTests;
				PRODUCT_NAME = "$(TARGET_NAME)";
				SWIFT_EMIT_LOC_STRINGS = NO;
				SWIFT_VERSION = 5.0;
				TARGETED_DEVICE_FAMILY = "1,2";
				TEST_HOST = "$(BUILT_PRODUCTS_DIR)/Scrumdinger.app/$(BUNDLE_EXECUTABLE_FOLDER_PATH)/Scrumdinger";
			};
			name = Release;
		};
		DA7EE4C72C28BE5B008BB1D5 /* Debug */ = {
			isa = XCBuildConfiguration;
			buildSettings = {
				ALWAYS_EMBED_SWIFT_STANDARD_LIBRARIES = YES;
				CODE_SIGN_STYLE = Automatic;
				CURRENT_PROJECT_VERSION = 1;
				DEVELOPMENT_TEAM = CHRT93TNVL;
				GENERATE_INFOPLIST_FILE = YES;
				MARKETING_VERSION = 1.0;
				PRODUCT_BUNDLE_IDENTIFIER = lfrs.ScrumdingerUITests;
				PRODUCT_NAME = "$(TARGET_NAME)";
				SWIFT_EMIT_LOC_STRINGS = NO;
				SWIFT_VERSION = 5.0;
				TARGETED_DEVICE_FAMILY = "1,2";
				TEST_TARGET_NAME = Scrumdinger;
			};
			name = Debug;
		};
		DA7EE4C82C28BE5B008BB1D5 /* Release */ = {
			isa = XCBuildConfiguration;
			buildSettings = {
				ALWAYS_EMBED_SWIFT_STANDARD_LIBRARIES = YES;
				CODE_SIGN_STYLE = Automatic;
				CURRENT_PROJECT_VERSION = 1;
				DEVELOPMENT_TEAM = CHRT93TNVL;
				GENERATE_INFOPLIST_FILE = YES;
				MARKETING_VERSION = 1.0;
				PRODUCT_BUNDLE_IDENTIFIER = lfrs.ScrumdingerUITests;
				PRODUCT_NAME = "$(TARGET_NAME)";
				SWIFT_EMIT_LOC_STRINGS = NO;
				SWIFT_VERSION = 5.0;
				TARGETED_DEVICE_FAMILY = "1,2";
				TEST_TARGET_NAME = Scrumdinger;
			};
			name = Release;
		};
/* End XCBuildConfiguration section */

/* Begin XCConfigurationList section */
		DA7EE4972C28BE59008BB1D5 /* Build configuration list for PBXProject "Scrumdinger" */ = {
			isa = XCConfigurationList;
			buildConfigurations = (
				DA7EE4BE2C28BE5B008BB1D5 /* Debug */,
				DA7EE4BF2C28BE5B008BB1D5 /* Release */,
			);
			defaultConfigurationIsVisible = 0;
			defaultConfigurationName = Release;
		};
		DA7EE4C02C28BE5B008BB1D5 /* Build configuration list for PBXNativeTarget "Scrumdinger" */ = {
			isa = XCConfigurationList;
			buildConfigurations = (
				DA7EE4C12C28BE5B008BB1D5 /* Debug */,
				DA7EE4C22C28BE5B008BB1D5 /* Release */,
			);
			defaultConfigurationIsVisible = 0;
			defaultConfigurationName = Release;
		};
		DA7EE4C32C28BE5B008BB1D5 /* Build configuration list for PBXNativeTarget "ScrumdingerTests" */ = {
			isa = XCConfigurationList;
			buildConfigurations = (
				DA7EE4C42C28BE5B008BB1D5 /* Debug */,
				DA7EE4C52C28BE5B008BB1D5 /* Release */,
			);
			defaultConfigurationIsVisible = 0;
			defaultConfigurationName = Release;
		};
		DA7EE4C62C28BE5B008BB1D5 /* Build configuration list for PBXNativeTarget "ScrumdingerUITests" */ = {
			isa = XCConfigurationList;
			buildConfigurations = (
				DA7EE4C72C28BE5B008BB1D5 /* Debug */,
				DA7EE4C82C28BE5B008BB1D5 /* Release */,
			);
			defaultConfigurationIsVisible = 0;
			defaultConfigurationName = Release;
		};
/* End XCConfigurationList section */
	};
	rootObject = DA7EE4942C28BE59008BB1D5 /* Project object */;
}
